// !$*UTF8*$!
{
	archiveVersion = 1;
	classes = {
	};
	objectVersion = 46;
	objects = {

/* Begin PBXBuildFile section */
		D77F251B1F297C0A00113F9E /* main.m in Sources */ = {isa = PBXBuildFile; fileRef = D77F251A1F297C0A00113F9E /* main.m */; };
		D77F251E1F297C0A00113F9E /* AppDelegate.m in Sources */ = {isa = PBXBuildFile; fileRef = D77F251D1F297C0A00113F9E /* AppDelegate.m */; };
		D77F25211F297C0A00113F9E /* ViewController.m in Sources */ = {isa = PBXBuildFile; fileRef = D77F25201F297C0A00113F9E /* ViewController.m */; };
		D77F25241F297C0A00113F9E /* Main.storyboard in Resources */ = {isa = PBXBuildFile; fileRef = D77F25221F297C0A00113F9E /* Main.storyboard */; };
		D77F25261F297C0A00113F9E /* Assets.xcassets in Resources */ = {isa = PBXBuildFile; fileRef = D77F25251F297C0A00113F9E /* Assets.xcassets */; };
		D77F25291F297C0A00113F9E /* LaunchScreen.storyboard in Resources */ = {isa = PBXBuildFile; fileRef = D77F25271F297C0A00113F9E /* LaunchScreen.storyboard */; };
		D77F25341F297C0A00113F9E /* Xib__Tests.m in Sources */ = {isa = PBXBuildFile; fileRef = D77F25331F297C0A00113F9E /* Xib__Tests.m */; };
		D77F253F1F297C0A00113F9E /* Xib__UITests.m in Sources */ = {isa = PBXBuildFile; fileRef = D77F253E1F297C0A00113F9E /* Xib__UITests.m */; };
/* End PBXBuildFile section */

/* Begin PBXContainerItemProxy section */
		D77F25301F297C0A00113F9E /* PBXContainerItemProxy */ = {
			isa = PBXContainerItemProxy;
			containerPortal = D77F250E1F297C0A00113F9E /* Project object */;
			proxyType = 1;
			remoteGlobalIDString = D77F25151F297C0A00113F9E;
			remoteInfo = "Xib使用";
		};
		D77F253B1F297C0A00113F9E /* PBXContainerItemProxy */ = {
			isa = PBXContainerItemProxy;
			containerPortal = D77F250E1F297C0A00113F9E /* Project object */;
			proxyType = 1;
			remoteGlobalIDString = D77F25151F297C0A00113F9E;
			remoteInfo = "Xib使用";
		};
/* End PBXContainerItemProxy section */

/* Begin PBXFileReference section */
		D77F25161F297C0A00113F9E /* Xib使用.app */ = {isa = PBXFileReference; explicitFileType = wrapper.application; includeInIndex = 0; path = "Xib使用.app"; sourceTree = BUILT_PRODUCTS_DIR; };
		D77F251A1F297C0A00113F9E /* main.m */ = {isa = PBXFileReference; lastKnownFileType = sourcecode.c.objc; path = main.m; sourceTree = "<group>"; };
		D77F251C1F297C0A00113F9E /* AppDelegate.h */ = {isa = PBXFileReference; lastKnownFileType = sourcecode.c.h; path = AppDelegate.h; sourceTree = "<group>"; };
		D77F251D1F297C0A00113F9E /* AppDelegate.m */ = {isa = PBXFileReference; lastKnownFileType = sourcecode.c.objc; path = AppDelegate.m; sourceTree = "<group>"; };
		D77F251F1F297C0A00113F9E /* ViewController.h */ = {isa = PBXFileReference; lastKnownFileType = sourcecode.c.h; path = ViewController.h; sourceTree = "<group>"; };
		D77F25201F297C0A00113F9E /* ViewController.m */ = {isa = PBXFileReference; lastKnownFileType = sourcecode.c.objc; path = ViewController.m; sourceTree = "<group>"; };
		D77F25231F297C0A00113F9E /* Base */ = {isa = PBXFileReference; lastKnownFileType = file.storyboard; name = Base; path = Base.lproj/Main.storyboard; sourceTree = "<group>"; };
		D77F25251F297C0A00113F9E /* Assets.xcassets */ = {isa = PBXFileReference; lastKnownFileType = folder.assetcatalog; path = Assets.xcassets; sourceTree = "<group>"; };
		D77F25281F297C0A00113F9E /* Base */ = {isa = PBXFileReference; lastKnownFileType = file.storyboard; name = Base; path = Base.lproj/LaunchScreen.storyboard; sourceTree = "<group>"; };
		D77F252A1F297C0A00113F9E /* Info.plist */ = {isa = PBXFileReference; lastKnownFileType = text.plist.xml; path = Info.plist; sourceTree = "<group>"; };
		D77F252F1F297C0A00113F9E /* Xib使用Tests.xctest */ = {isa = PBXFileReference; explicitFileType = wrapper.cfbundle; includeInIndex = 0; path = "Xib使用Tests.xctest"; sourceTree = BUILT_PRODUCTS_DIR; };
		D77F25331F297C0A00113F9E /* Xib__Tests.m */ = {isa = PBXFileReference; lastKnownFileType = sourcecode.c.objc; path = Xib__Tests.m; sourceTree = "<group>"; };
		D77F25351F297C0A00113F9E /* Info.plist */ = {isa = PBXFileReference; lastKnownFileType = text.plist.xml; path = Info.plist; sourceTree = "<group>"; };
		D77F253A1F297C0A00113F9E /* Xib使用UITests.xctest */ = {isa = PBXFileReference; explicitFileType = wrapper.cfbundle; includeInIndex = 0; path = "Xib使用UITests.xctest"; sourceTree = BUILT_PRODUCTS_DIR; };
		D77F253E1F297C0A00113F9E /* Xib__UITests.m */ = {isa = PBXFileReference; lastKnownFileType = sourcecode.c.objc; path = Xib__UITests.m; sourceTree = "<group>"; };
		D77F25401F297C0A00113F9E /* Info.plist */ = {isa = PBXFileReference; lastKnownFileType = text.plist.xml; path = Info.plist; sourceTree = "<group>"; };
/* End PBXFileReference section */

/* Begin PBXFrameworksBuildPhase section */
		D77F25131F297C0A00113F9E /* Frameworks */ = {
			isa = PBXFrameworksBuildPhase;
			buildActionMask = 2147483647;
			files = (
			);
			runOnlyForDeploymentPostprocessing = 0;
		};
		D77F252C1F297C0A00113F9E /* Frameworks */ = {
			isa = PBXFrameworksBuildPhase;
			buildActionMask = 2147483647;
			files = (
			);
			runOnlyForDeploymentPostprocessing = 0;
		};
		D77F25371F297C0A00113F9E /* Frameworks */ = {
			isa = PBXFrameworksBuildPhase;
			buildActionMask = 2147483647;
			files = (
			);
			runOnlyForDeploymentPostprocessing = 0;
		};
/* End PBXFrameworksBuildPhase section */

/* Begin PBXGroup section */
		D77F250D1F297C0A00113F9E = {
			isa = PBXGroup;
			children = (
				D77F25181F297C0A00113F9E /* Xib使用 */,
				D77F25321F297C0A00113F9E /* Xib使用Tests */,
				D77F253D1F297C0A00113F9E /* Xib使用UITests */,
				D77F25171F297C0A00113F9E /* Products */,
			);
			sourceTree = "<group>";
		};
		D77F25171F297C0A00113F9E /* Products */ = {
			isa = PBXGroup;
			children = (
				D77F25161F297C0A00113F9E /* Xib使用.app */,
				D77F252F1F297C0A00113F9E /* Xib使用Tests.xctest */,
				D77F253A1F297C0A00113F9E /* Xib使用UITests.xctest */,
			);
			name = Products;
			sourceTree = "<group>";
		};
		D77F25181F297C0A00113F9E /* Xib使用 */ = {
			isa = PBXGroup;
			children = (
				D77F251C1F297C0A00113F9E /* AppDelegate.h */,
				D77F251D1F297C0A00113F9E /* AppDelegate.m */,
				D77F251F1F297C0A00113F9E /* ViewController.h */,
				D77F25201F297C0A00113F9E /* ViewController.m */,
				D77F25221F297C0A00113F9E /* Main.storyboard */,
				D77F25251F297C0A00113F9E /* Assets.xcassets */,
				D77F25271F297C0A00113F9E /* LaunchScreen.storyboard */,
				D77F252A1F297C0A00113F9E /* Info.plist */,
				D77F25191F297C0A00113F9E /* Supporting Files */,
			);
			path = "Xib使用";
			sourceTree = "<group>";
		};
		D77F25191F297C0A00113F9E /* Supporting Files */ = {
			isa = PBXGroup;
			children = (
				D77F251A1F297C0A00113F9E /* main.m */,
			);
			name = "Supporting Files";
			sourceTree = "<group>";
		};
		D77F25321F297C0A00113F9E /* Xib使用Tests */ = {
			isa = PBXGroup;
			children = (
				D77F25331F297C0A00113F9E /* Xib__Tests.m */,
				D77F25351F297C0A00113F9E /* Info.plist */,
			);
			path = "Xib使用Tests";
			sourceTree = "<group>";
		};
		D77F253D1F297C0A00113F9E /* Xib使用UITests */ = {
			isa = PBXGroup;
			children = (
				D77F253E1F297C0A00113F9E /* Xib__UITests.m */,
				D77F25401F297C0A00113F9E /* Info.plist */,
			);
			path = "Xib使用UITests";
			sourceTree = "<group>";
		};
/* End PBXGroup section */

/* Begin PBXNativeTarget section */
		D77F25151F297C0A00113F9E /* Xib使用 */ = {
			isa = PBXNativeTarget;
			buildConfigurationList = D77F25431F297C0A00113F9E /* Build configuration list for PBXNativeTarget "Xib使用" */;
			buildPhases = (
				D77F25121F297C0A00113F9E /* Sources */,
				D77F25131F297C0A00113F9E /* Frameworks */,
				D77F25141F297C0A00113F9E /* Resources */,
			);
			buildRules = (
			);
			dependencies = (
			);
			name = "Xib使用";
			productName = "Xib使用";
			productReference = D77F25161F297C0A00113F9E /* Xib使用.app */;
			productType = "com.apple.product-type.application";
		};
		D77F252E1F297C0A00113F9E /* Xib使用Tests */ = {
			isa = PBXNativeTarget;
			buildConfigurationList = D77F25461F297C0A00113F9E /* Build configuration list for PBXNativeTarget "Xib使用Tests" */;
			buildPhases = (
				D77F252B1F297C0A00113F9E /* Sources */,
				D77F252C1F297C0A00113F9E /* Frameworks */,
				D77F252D1F297C0A00113F9E /* Resources */,
			);
			buildRules = (
			);
			dependencies = (
				D77F25311F297C0A00113F9E /* PBXTargetDependency */,
			);
			name = "Xib使用Tests";
			productName = "Xib使用Tests";
			productReference = D77F252F1F297C0A00113F9E /* Xib使用Tests.xctest */;
			productType = "com.apple.product-type.bundle.unit-test";
		};
		D77F25391F297C0A00113F9E /* Xib使用UITests */ = {
			isa = PBXNativeTarget;
			buildConfigurationList = D77F25491F297C0A00113F9E /* Build configuration list for PBXNativeTarget "Xib使用UITests" */;
			buildPhases = (
				D77F25361F297C0A00113F9E /* Sources */,
				D77F25371F297C0A00113F9E /* Frameworks */,
				D77F25381F297C0A00113F9E /* Resources */,
			);
			buildRules = (
			);
			dependencies = (
				D77F253C1F297C0A00113F9E /* PBXTargetDependency */,
			);
			name = "Xib使用UITests";
			productName = "Xib使用UITests";
			productReference = D77F253A1F297C0A00113F9E /* Xib使用UITests.xctest */;
			productType = "com.apple.product-type.bundle.ui-testing";
		};
/* End PBXNativeTarget section */

/* Begin PBXProject section */
		D77F250E1F297C0A00113F9E /* Project object */ = {
			isa = PBXProject;
			attributes = {
				LastUpgradeCheck = 0830;
				ORGANIZATIONNAME = "微光星芒";
				TargetAttributes = {
					D77F25151F297C0A00113F9E = {
						CreatedOnToolsVersion = 8.3.3;
						ProvisioningStyle = Automatic;
					};
					D77F252E1F297C0A00113F9E = {
						CreatedOnToolsVersion = 8.3.3;
						ProvisioningStyle = Automatic;
						TestTargetID = D77F25151F297C0A00113F9E;
					};
					D77F25391F297C0A00113F9E = {
						CreatedOnToolsVersion = 8.3.3;
						ProvisioningStyle = Automatic;
						TestTargetID = D77F25151F297C0A00113F9E;
					};
				};
			};
			buildConfigurationList = D77F25111F297C0A00113F9E /* Build configuration list for PBXProject "Xib使用" */;
			compatibilityVersion = "Xcode 3.2";
			developmentRegion = English;
			hasScannedForEncodings = 0;
			knownRegions = (
				en,
				Base,
			);
			mainGroup = D77F250D1F297C0A00113F9E;
			productRefGroup = D77F25171F297C0A00113F9E /* Products */;
			projectDirPath = "";
			projectRoot = "";
			targets = (
				D77F25151F297C0A00113F9E /* Xib使用 */,
				D77F252E1F297C0A00113F9E /* Xib使用Tests */,
				D77F25391F297C0A00113F9E /* Xib使用UITests */,
			);
		};
/* End PBXProject section */

/* Begin PBXResourcesBuildPhase section */
		D77F25141F297C0A00113F9E /* Resources */ = {
			isa = PBXResourcesBuildPhase;
			buildActionMask = 2147483647;
			files = (
				D77F25291F297C0A00113F9E /* LaunchScreen.storyboard in Resources */,
				D77F25261F297C0A00113F9E /* Assets.xcassets in Resources */,
				D77F25241F297C0A00113F9E /* Main.storyboard in Resources */,
			);
			runOnlyForDeploymentPostprocessing = 0;
		};
		D77F252D1F297C0A00113F9E /* Resources */ = {
			isa = PBXResourcesBuildPhase;
			buildActionMask = 2147483647;
			files = (
			);
			runOnlyForDeploymentPostprocessing = 0;
		};
		D77F25381F297C0A00113F9E /* Resources */ = {
			isa = PBXResourcesBuildPhase;
			buildActionMask = 2147483647;
			files = (
			);
			runOnlyForDeploymentPostprocessing = 0;
		};
/* End PBXResourcesBuildPhase section */

/* Begin PBXSourcesBuildPhase section */
		D77F25121F297C0A00113F9E /* Sources */ = {
			isa = PBXSourcesBuildPhase;
			buildActionMask = 2147483647;
			files = (
				D77F25211F297C0A00113F9E /* ViewController.m in Sources */,
				D77F251E1F297C0A00113F9E /* AppDelegate.m in Sources */,
				D77F251B1F297C0A00113F9E /* main.m in Sources */,
			);
			runOnlyForDeploymentPostprocessing = 0;
		};
		D77F252B1F297C0A00113F9E /* Sources */ = {
			isa = PBXSourcesBuildPhase;
			buildActionMask = 2147483647;
			files = (
				D77F25341F297C0A00113F9E /* Xib__Tests.m in Sources */,
			);
			runOnlyForDeploymentPostprocessing = 0;
		};
		D77F25361F297C0A00113F9E /* Sources */ = {
			isa = PBXSourcesBuildPhase;
			buildActionMask = 2147483647;
			files = (
				D77F253F1F297C0A00113F9E /* Xib__UITests.m in Sources */,
			);
			runOnlyForDeploymentPostprocessing = 0;
		};
/* End PBXSourcesBuildPhase section */

/* Begin PBXTargetDependency section */
		D77F25311F297C0A00113F9E /* PBXTargetDependency */ = {
			isa = PBXTargetDependency;
			target = D77F25151F297C0A00113F9E /* Xib使用 */;
			targetProxy = D77F25301F297C0A00113F9E /* PBXContainerItemProxy */;
		};
		D77F253C1F297C0A00113F9E /* PBXTargetDependency */ = {
			isa = PBXTargetDependency;
			target = D77F25151F297C0A00113F9E /* Xib使用 */;
			targetProxy = D77F253B1F297C0A00113F9E /* PBXContainerItemProxy */;
		};
/* End PBXTargetDependency section */

/* Begin PBXVariantGroup section */
		D77F25221F297C0A00113F9E /* Main.storyboard */ = {
			isa = PBXVariantGroup;
			children = (
				D77F25231F297C0A00113F9E /* Base */,
			);
			name = Main.storyboard;
			sourceTree = "<group>";
		};
		D77F25271F297C0A00113F9E /* LaunchScreen.storyboard */ = {
			isa = PBXVariantGroup;
			children = (
				D77F25281F297C0A00113F9E /* Base */,
			);
			name = LaunchScreen.storyboard;
			sourceTree = "<group>";
		};
/* End PBXVariantGroup section */

/* Begin XCBuildConfiguration section */
		D77F25411F297C0A00113F9E /* Debug */ = {
			isa = XCBuildConfiguration;
			buildSettings = {
				ALWAYS_SEARCH_USER_PATHS = NO;
				CLANG_ANALYZER_NONNULL = YES;
				CLANG_ANALYZER_NUMBER_OBJECT_CONVERSION = YES_AGGRESSIVE;
				CLANG_CXX_LANGUAGE_STANDARD = "gnu++0x";
				CLANG_CXX_LIBRARY = "libc++";
				CLANG_ENABLE_MODULES = YES;
				CLANG_ENABLE_OBJC_ARC = YES;
				CLANG_WARN_BOOL_CONVERSION = YES;
				CLANG_WARN_CONSTANT_CONVERSION = YES;
				CLANG_WARN_DIRECT_OBJC_ISA_USAGE = YES_ERROR;
				CLANG_WARN_DOCUMENTATION_COMMENTS = YES;
				CLANG_WARN_EMPTY_BODY = YES;
				CLANG_WARN_ENUM_CONVERSION = YES;
				CLANG_WARN_INFINITE_RECURSION = YES;
				CLANG_WARN_INT_CONVERSION = YES;
				CLANG_WARN_OBJC_ROOT_CLASS = YES_ERROR;
				CLANG_WARN_SUSPICIOUS_MOVE = YES;
				CLANG_WARN_UNREACHABLE_CODE = YES;
				CLANG_WARN__DUPLICATE_METHOD_MATCH = YES;
				"CODE_SIGN_IDENTITY[sdk=iphoneos*]" = "iPhone Developer";
				COPY_PHASE_STRIP = NO;
				DEBUG_INFORMATION_FORMAT = dwarf;
				ENABLE_STRICT_OBJC_MSGSEND = YES;
				ENABLE_TESTABILITY = YES;
				GCC_C_LANGUAGE_STANDARD = gnu99;
				GCC_DYNAMIC_NO_PIC = NO;
				GCC_NO_COMMON_BLOCKS = YES;
				GCC_OPTIMIZATION_LEVEL = 0;
				GCC_PREPROCESSOR_DEFINITIONS = (
					"DEBUG=1",
					"$(inherited)",
				);
				GCC_WARN_64_TO_32_BIT_CONVERSION = YES;
				GCC_WARN_ABOUT_RETURN_TYPE = YES_ERROR;
				GCC_WARN_UNDECLARED_SELECTOR = YES;
				GCC_WARN_UNINITIALIZED_AUTOS = YES_AGGRESSIVE;
				GCC_WARN_UNUSED_FUNCTION = YES;
				GCC_WARN_UNUSED_VARIABLE = YES;
				IPHONEOS_DEPLOYMENT_TARGET = 10.3;
				MTL_ENABLE_DEBUG_INFO = YES;
				ONLY_ACTIVE_ARCH = YES;
				SDKROOT = iphoneos;
				TARGETED_DEVICE_FAMILY = "1,2";
			};
			name = Debug;
		};
		D77F25421F297C0A00113F9E /* Release */ = {
			isa = XCBuildConfiguration;
			buildSettings = {
				ALWAYS_SEARCH_USER_PATHS = NO;
				CLANG_ANALYZER_NONNULL = YES;
				CLANG_ANALYZER_NUMBER_OBJECT_CONVERSION = YES_AGGRESSIVE;
				CLANG_CXX_LANGUAGE_STANDARD = "gnu++0x";
				CLANG_CXX_LIBRARY = "libc++";
				CLANG_ENABLE_MODULES = YES;
				CLANG_ENABLE_OBJC_ARC = YES;
				CLANG_WARN_BOOL_CONVERSION = YES;
				CLANG_WARN_CONSTANT_CONVERSION = YES;
				CLANG_WARN_DIRECT_OBJC_ISA_USAGE = YES_ERROR;
				CLANG_WARN_DOCUMENTATION_COMMENTS = YES;
				CLANG_WARN_EMPTY_BODY = YES;
				CLANG_WARN_ENUM_CONVERSION = YES;
				CLANG_WARN_INFINITE_RECURSION = YES;
				CLANG_WARN_INT_CONVERSION = YES;
				CLANG_WARN_OBJC_ROOT_CLASS = YES_ERROR;
				CLANG_WARN_SUSPICIOUS_MOVE = YES;
				CLANG_WARN_UNREACHABLE_CODE = YES;
				CLANG_WARN__DUPLICATE_METHOD_MATCH = YES;
				"CODE_SIGN_IDENTITY[sdk=iphoneos*]" = "iPhone Developer";
				COPY_PHASE_STRIP = NO;
				DEBUG_INFORMATION_FORMAT = "dwarf-with-dsym";
				ENABLE_NS_ASSERTIONS = NO;
				ENABLE_STRICT_OBJC_MSGSEND = YES;
				GCC_C_LANGUAGE_STANDARD = gnu99;
				GCC_NO_COMMON_BLOCKS = YES;
				GCC_WARN_64_TO_32_BIT_CONVERSION = YES;
				GCC_WARN_ABOUT_RETURN_TYPE = YES_ERROR;
				GCC_WARN_UNDECLARED_SELECTOR = YES;
				GCC_WARN_UNINITIALIZED_AUTOS = YES_AGGRESSIVE;
				GCC_WARN_UNUSED_FUNCTION = YES;
				GCC_WARN_UNUSED_VARIABLE = YES;
				IPHONEOS_DEPLOYMENT_TARGET = 10.3;
				MTL_ENABLE_DEBUG_INFO = NO;
				SDKROOT = iphoneos;
				TARGETED_DEVICE_FAMILY = "1,2";
				VALIDATE_PRODUCT = YES;
			};
			name = Release;
		};
		D77F25441F297C0A00113F9E /* Debug */ = {
			isa = XCBuildConfiguration;
			buildSettings = {
				ASSETCATALOG_COMPILER_APPICON_NAME = AppIcon;
				INFOPLIST_FILE = "Xib使用/Info.plist";
				LD_RUNPATH_SEARCH_PATHS = "$(inherited) @executable_path/Frameworks";
				PRODUCT_BUNDLE_IDENTIFIER = "com.xfy.Xib--";
				PRODUCT_NAME = "$(TARGET_NAME)";
			};
			name = Debug;
		};
		D77F25451F297C0A00113F9E /* Release */ = {
			isa = XCBuildConfiguration;
			buildSettings = {
				ASSETCATALOG_COMPILER_APPICON_NAME = AppIcon;
				INFOPLIST_FILE = "Xib使用/Info.plist";
				LD_RUNPATH_SEARCH_PATHS = "$(inherited) @executable_path/Frameworks";
				PRODUCT_BUNDLE_IDENTIFIER = "com.xfy.Xib--";
				PRODUCT_NAME = "$(TARGET_NAME)";
			};
			name = Release;
		};
		D77F25471F297C0A00113F9E /* Debug */ = {
			isa = XCBuildConfiguration;
			buildSettings = {
				BUNDLE_LOADER = "$(TEST_HOST)";
				INFOPLIST_FILE = "Xib使用Tests/Info.plist";
				LD_RUNPATH_SEARCH_PATHS = "$(inherited) @executable_path/Frameworks @loader_path/Frameworks";
				PRODUCT_BUNDLE_IDENTIFIER = "com.xfy.Xib--Tests";
				PRODUCT_NAME = "$(TARGET_NAME)";
				TEST_HOST = "$(BUILT_PRODUCTS_DIR)/Xib使用.app/Xib使用";
			};
			name = Debug;
		};
		D77F25481F297C0A00113F9E /* Release */ = {
			isa = XCBuildConfiguration;
			buildSettings = {
				BUNDLE_LOADER = "$(TEST_HOST)";
				INFOPLIST_FILE = "Xib使用Tests/Info.plist";
				LD_RUNPATH_SEARCH_PATHS = "$(inherited) @executable_path/Frameworks @loader_path/Frameworks";
				PRODUCT_BUNDLE_IDENTIFIER = "com.xfy.Xib--Tests";
				PRODUCT_NAME = "$(TARGET_NAME)";
				TEST_HOST = "$(BUILT_PRODUCTS_DIR)/Xib使用.app/Xib使用";
			};
			name = Release;
		};
		D77F254A1F297C0A00113F9E /* Debug */ = {
			isa = XCBuildConfiguration;
			buildSettings = {
				INFOPLIST_FILE = "Xib使用UITests/Info.plist";
				LD_RUNPATH_SEARCH_PATHS = "$(inherited) @executable_path/Frameworks @loader_path/Frameworks";
				PRODUCT_BUNDLE_IDENTIFIER = "com.xfy.Xib--UITests";
				PRODUCT_NAME = "$(TARGET_NAME)";
				TEST_TARGET_NAME = "Xib使用";
			};
			name = Debug;
		};
		D77F254B1F297C0A00113F9E /* Release */ = {
			isa = XCBuildConfiguration;
			buildSettings = {
				INFOPLIST_FILE = "Xib使用UITests/Info.plist";
				LD_RUNPATH_SEARCH_PATHS = "$(inherited) @executable_path/Frameworks @loader_path/Frameworks";
				PRODUCT_BUNDLE_IDENTIFIER = "com.xfy.Xib--UITests";
				PRODUCT_NAME = "$(TARGET_NAME)";
				TEST_TARGET_NAME = "Xib使用";
			};
			name = Release;
		};
/* End XCBuildConfiguration section */

/* Begin XCConfigurationList section */
		D77F25111F297C0A00113F9E /* Build configuration list for PBXProject "Xib使用" */ = {
			isa = XCConfigurationList;
			buildConfigurations = (
				D77F25411F297C0A00113F9E /* Debug */,
				D77F25421F297C0A00113F9E /* Release */,
			);
			defaultConfigurationIsVisible = 0;
			defaultConfigurationName = Release;
		};
		D77F25431F297C0A00113F9E /* Build configuration list for PBXNativeTarget "Xib使用" */ = {
			isa = XCConfigurationList;
			buildConfigurations = (
				D77F25441F297C0A00113F9E /* Debug */,
				D77F25451F297C0A00113F9E /* Release */,
			);
			defaultConfigurationIsVisible = 0;
		};
		D77F25461F297C0A00113F9E /* Build configuration list for PBXNativeTarget "Xib使用Tests" */ = {
			isa = XCConfigurationList;
			buildConfigurations = (
				D77F25471F297C0A00113F9E /* Debug */,
				D77F25481F297C0A00113F9E /* Release */,
			);
			defaultConfigurationIsVisible = 0;
		};
		D77F25491F297C0A00113F9E /* Build configuration list for PBXNativeTarget "Xib使用UITests" */ = {
			isa = XCConfigurationList;
			buildConfigurations = (
				D77F254A1F297C0A00113F9E /* Debug */,
				D77F254B1F297C0A00113F9E /* Release */,
			);
			defaultConfigurationIsVisible = 0;
		};
/* End XCConfigurationList section */
	};
	rootObject = D77F250E1F297C0A00113F9E /* Project object */;
}
